{
  "name": "h-digest",
  "version": "3.0.0",
  "lockfileVersion": 1,
  "requires": true,
  "dependencies": {
    "@types/node": {
      "version": "12.0.12",
      "resolved": "https://registry.npmjs.org/@types/node/-/node-12.0.12.tgz",
      "integrity": "sha512-Uy0PN4R5vgBUXFoJrKryf5aTk3kJ8Rv3PdlHjl6UaX+Cqp1QE0yPQ68MPXGrZOfG7gZVNDIJZYyot0B9ubXUrQ==",
      "dev": true
    },
    "array-shuffle": {
      "version": "1.0.1",
      "resolved": "http://localhost:4873/array-shuffle/-/array-shuffle-1.0.1.tgz",
      "integrity": "sha1-fqSIKjVrS8pfVF4LblLq9tlxVXo=",
      "dev": true
    },
    "assert-op": {
      "version": "0.4.0",
      "resolved": "https://registry.npmjs.org/assert-op/-/assert-op-0.4.0.tgz",
      "integrity": "sha512-yAnWwB07VWyXxlVSRIwM+CjWXmvRp03jH96zx8u29trLNNklrlyDhaWLpZ64/U1iCFF7SE4jsFBTwnLtok6Slw==",
      "dev": true
    },
    "benchmark": {
      "version": "2.1.4",
      "resolved": "https://registry.npmjs.org/benchmark/-/benchmark-2.1.4.tgz",
      "integrity": "sha1-CfPeMckWQl1JjMLuVloOvzwqVik=",
      "dev": true,
      "requires": {
        "lodash": "^4.17.4",
        "platform": "^1.3.3"
      }
    },
    "bintrees": {
      "version": "1.0.1",
      "resolved": "http://localhost:4873/bintrees/-/bintrees-1.0.1.tgz",
      "integrity": "sha1-DmVcm5wkNeqraL9AJyJtK1WjRSQ=",
      "dev": true
    },
    "cotest": {
      "version": "4.0.3",
      "resolved": "https://registry.npmjs.org/cotest/-/cotest-4.0.3.tgz",
      "integrity": "sha512-pBtMKXPcdPaLOSt0zwL704ewSIo1gsW4jkboj4PosTq7cl3iUt5Cb8sbYLWJ+bcbAL0r8SyGslQ16nWQ5xkSiw==",
      "dev": true,
      "requires": {
        "assert-op": "^0.4.0"
      }
    },
    "lodash": {
      "version": "4.17.4",
      "resolved": "https://registry.npmjs.org/lodash/-/lodash-4.17.4.tgz",
      "integrity": "sha1-eCA6TRwyiuHYbcpkYONptX9AVa4=",
      "dev": true
    },
    "norm-dist": {
      "version": "2.0.1",
      "resolved": "https://registry.npmjs.org/norm-dist/-/norm-dist-2.0.1.tgz",
      "integrity": "sha512-7EQCgU3E8kvbb97QsFlj7fWLnPtHB10xCisJ+SbUrKGZUWCUugTi1q8YOC8U/ln1xiLbNiEwHPKYkT6A+Ja/jw==",
      "dev": true
    },
    "platform": {
      "version": "1.3.3",
      "resolved": "https://registry.npmjs.org/platform/-/platform-1.3.3.tgz",
      "integrity": "sha1-ZGx3ARiZhwtqCQPnXpl+jlHadGE=",
      "dev": true
    },
    "random-z": {
      "version": "1.1.1",
      "resolved": "https://registry.npmjs.org/random-z/-/random-z-1.1.1.tgz",
      "integrity": "sha512-L2IU/pEncJyp4OFpmx3/+BQ4Bjwq6JWr+wZ9nywB7IzA9guyc/JdbA0TdMCv4CmTNkIJDgBtGQVnog3SP9+kpQ==",
      "dev": true
    },
    "sample-quantile": {
      "version": "2.0.0",
      "resolved": "https://registry.npmjs.org/sample-quantile/-/sample-quantile-2.0.0.tgz",
      "integrity": "sha512-eDzwtn/ZS2VlYD7h1Rx6kjt78woyTgN4toOCKi9tYaF/zJhzNEtml71mYN+zS39Vu50SiYJWhWkA15R+tAwkeQ==",
      "dev": true
    },
    "tdigest": {
      "version": "0.1.1",
      "resolved": "http://localhost:4873/tdigest/-/tdigest-0.1.1.tgz",
      "integrity": "sha1-Ljyyw56kSeVdHmzZEReszKRYgCE=",
      "dev": true,
      "requires": {
        "bintrees": "1.0.1"
      }
    }
  }
}
