{
  "name": "h-digest",
  "version": "2.2.0",
  "lockfileVersion": 1,
  "requires": true,
  "dependencies": {
    "@types/node": {
      "version": "9.4.4",
      "resolved": "https://registry.npmjs.org/@types/node/-/node-9.4.4.tgz",
      "integrity": "sha512-pTi6f79uELOTQ2TtXxWcjmJ+iZa1C3ypm6pGNU/viOQX/VfBXLmsZEcJPk1rm+lia+GP6GpgFGUkCvLJ7JOKDA==",
      "dev": true
    },
    "array-shuffle": {
      "version": "http://localhost:4873/array-shuffle/-/array-shuffle-1.0.1.tgz",
      "integrity": "sha1-fqSIKjVrS8pfVF4LblLq9tlxVXo=",
      "dev": true
    },
    "benchmark": {
      "version": "2.1.4",
      "resolved": "https://registry.npmjs.org/benchmark/-/benchmark-2.1.4.tgz",
      "integrity": "sha1-CfPeMckWQl1JjMLuVloOvzwqVik=",
      "dev": true,
      "requires": {
        "lodash": "https://registry.npmjs.org/lodash/-/lodash-4.17.4.tgz",
        "platform": "https://registry.npmjs.org/platform/-/platform-1.3.3.tgz"
      }
    },
    "bintrees": {
      "version": "http://localhost:4873/bintrees/-/bintrees-1.0.1.tgz",
      "integrity": "sha1-DmVcm5wkNeqraL9AJyJtK1WjRSQ=",
      "dev": true
    },
    "cotest": {
      "version": "2.1.1",
      "resolved": "https://registry.npmjs.org/cotest/-/cotest-2.1.1.tgz",
      "integrity": "sha1-771p/nN/Td+eJihoHIFFnO5ektU=",
      "dev": true
    },
    "lazy-stats": {
      "version": "2.0.1",
      "resolved": "https://registry.npmjs.org/lazy-stats/-/lazy-stats-2.0.1.tgz",
      "integrity": "sha512-OiwcnWbRqd9thS4BGk07G/oLrE5KdudgivRpVdCr2qtnzEvYC8KeTZqblHluTsi6Ep2EEzTj74dIZe5fFyyPpw==",
      "dev": true
    },
    "lodash": {
      "version": "https://registry.npmjs.org/lodash/-/lodash-4.17.4.tgz",
      "integrity": "sha1-eCA6TRwyiuHYbcpkYONptX9AVa4=",
      "dev": true
    },
    "platform": {
      "version": "https://registry.npmjs.org/platform/-/platform-1.3.3.tgz",
      "integrity": "sha1-ZGx3ARiZhwtqCQPnXpl+jlHadGE=",
      "dev": true
    },
    "power-sums": {
      "version": "http://localhost:4873/power-sums/-/power-sums-1.1.0.tgz",
      "integrity": "sha1-4eafgXqAML3GcW6U1uiY33TeoLU=",
      "dev": true
    },
    "random-z": {
      "version": "1.1.1",
      "resolved": "https://registry.npmjs.org/random-z/-/random-z-1.1.1.tgz",
      "integrity": "sha512-L2IU/pEncJyp4OFpmx3/+BQ4Bjwq6JWr+wZ9nywB7IzA9guyc/JdbA0TdMCv4CmTNkIJDgBtGQVnog3SP9+kpQ==",
      "dev": true
    },
    "sample-quantile": {
      "version": "1.0.2",
      "resolved": "https://registry.npmjs.org/sample-quantile/-/sample-quantile-1.0.2.tgz",
      "integrity": "sha1-lv4hlE9kafnpToAcxRmdD98Ojwo=",
      "dev": true
    },
    "tdigest": {
      "version": "http://localhost:4873/tdigest/-/tdigest-0.1.1.tgz",
      "integrity": "sha1-Ljyyw56kSeVdHmzZEReszKRYgCE=",
      "dev": true,
      "requires": {
        "bintrees": "http://localhost:4873/bintrees/-/bintrees-1.0.1.tgz"
      }
    }
  }
}
